
Microsoft Visual Studio Solution File, Format Version 12.00
# Visual Studio Version 17
VisualStudioVersion = 17.7.34024.191
MinimumVisualStudioVersion = 10.0.40219.1
Project("{FAE04EC0-301F-11D3-BF4B-00C04F79EFBC}") = "ViTestar200", "ViTestar200.csproj", "{0CEE9F60-2181-4C45-93CB-142B8B964F68}"
EndProject
Global
	GlobalSection(SolutionConfigurationPlatforms) = preSolution
		Debug|Any CPU = Debug|Any CPU
		Release|Any CPU = Release|Any CPU
	EndGlobalSection
	GlobalSection(ProjectConfigurationPlatforms) = postSolution
		{0CEE9F60-2181-4C45-93CB-142B8B964F68}.Debug|Any CPU.ActiveCfg = Debug|Any CPU
		{0CEE9F60-2181-4C45-93CB-142B8B964F68}.Debug|Any CPU.Build.0 = Debug|Any CPU
		{0CEE9F60-2181-4C45-93CB-142B8B964F68}.Release|Any CPU.ActiveCfg = Release|Any CPU
		{0CEE9F60-2181-4C45-93CB-142B8B964F68}.Release|Any CPU.Build.0 = Release|Any CPU
	EndGlobalSection
	GlobalSection(SolutionProperties) = preSolution
		HideSolutionNode = FALSE
	EndGlobalSection
	GlobalSection(ExtensibilityGlobals) = postSolution
		SolutionGuid = {6D646E08-09ED-4663-AD30-D0261E95DDE6}
	EndGlobalSection
EndGlobal
